
Microsoft Visual Studio Solution File, Format Version 12.00
# Visual Studio Version 17
VisualStudioVersion = 17.4.33213.308
MinimumVisualStudioVersion = 10.0.40219.1
Project("{9A19103F-16F7-4668-BE54-9A1E7A4F7556}") = "CatalogsAPI", "CastalogsAPI\CatalogsAPI.csproj", "{BB7CD29D-CD8F-4605-9A6B-AB63C085FD44}"
EndProject
Project("{54A90642-561A-4BB1-A94E-469ADEE60C69}") = "frontproducts", "frontproducts\frontproducts.esproj", "{11A6F14D-37E9-4E73-BAEA-E935A7729F3E}"
EndProject
Global
	GlobalSection(SolutionConfigurationPlatforms) = preSolution
		Debug|Any CPU = Debug|Any CPU
		Release|Any CPU = Release|Any CPU
	EndGlobalSection
	GlobalSection(ProjectConfigurationPlatforms) = postSolution
		{BB7CD29D-CD8F-4605-9A6B-AB63C085FD44}.Debug|Any CPU.ActiveCfg = Debug|Any CPU
		{BB7CD29D-CD8F-4605-9A6B-AB63C085FD44}.Debug|Any CPU.Build.0 = Debug|Any CPU
		{BB7CD29D-CD8F-4605-9A6B-AB63C085FD44}.Release|Any CPU.ActiveCfg = Release|Any CPU
		{BB7CD29D-CD8F-4605-9A6B-AB63C085FD44}.Release|Any CPU.Build.0 = Release|Any CPU
		{11A6F14D-37E9-4E73-BAEA-E935A7729F3E}.Debug|Any CPU.ActiveCfg = Debug|Any CPU
		{11A6F14D-37E9-4E73-BAEA-E935A7729F3E}.Debug|Any CPU.Build.0 = Debug|Any CPU
		{11A6F14D-37E9-4E73-BAEA-E935A7729F3E}.Debug|Any CPU.Deploy.0 = Debug|Any CPU
		{11A6F14D-37E9-4E73-BAEA-E935A7729F3E}.Release|Any CPU.ActiveCfg = Release|Any CPU
		{11A6F14D-37E9-4E73-BAEA-E935A7729F3E}.Release|Any CPU.Build.0 = Release|Any CPU
		{11A6F14D-37E9-4E73-BAEA-E935A7729F3E}.Release|Any CPU.Deploy.0 = Release|Any CPU
	EndGlobalSection
	GlobalSection(SolutionProperties) = preSolution
		HideSolutionNode = FALSE
	EndGlobalSection
	GlobalSection(ExtensibilityGlobals) = postSolution
		SolutionGuid = {360D3CEB-B98D-4E33-A2BA-E37C7923BBC3}
	EndGlobalSection
EndGlobal
